
Microsoft Visual Studio Solution File, Format Version 12.00
# Visual Studio 15
VisualStudioVersion = 15.0.27703.2035
MinimumVisualStudioVersion = 10.0.40219.1
Project("{FAE04EC0-301F-11D3-BF4B-00C04F79EFBC}") = "ManagerSystemOfGames", "ManagerSystemOfGames\ManagerSystemOfGames.csproj", "{2FB9CB5C-7E55-4065-94F5-F40FD2A7CF27}"
EndProject
Global
	GlobalSection(SolutionConfigurationPlatforms) = preSolution
		Debug|Any CPU = Debug|Any CPU
		Release|Any CPU = Release|Any CPU
	EndGlobalSection
	GlobalSection(ProjectConfigurationPlatforms) = postSolution
		{2FB9CB5C-7E55-4065-94F5-F40FD2A7CF27}.Debug|Any CPU.ActiveCfg = Debug|Any CPU
		{2FB9CB5C-7E55-4065-94F5-F40FD2A7CF27}.Debug|Any CPU.Build.0 = Debug|Any CPU
		{2FB9CB5C-7E55-4065-94F5-F40FD2A7CF27}.Release|Any CPU.ActiveCfg = Release|Any CPU
		{2FB9CB5C-7E55-4065-94F5-F40FD2A7CF27}.Release|Any CPU.Build.0 = Release|Any CPU
	EndGlobalSection
	GlobalSection(SolutionProperties) = preSolution
		HideSolutionNode = FALSE
	EndGlobalSection
	GlobalSection(ExtensibilityGlobals) = postSolution
		SolutionGuid = {E06E8D96-336B-4535-8FF4-B6AC2D0C3FDA}
	EndGlobalSection
EndGlobal
